// !$*UTF8*$!
{
	archiveVersion = 1;
	classes = {
	};
	objectVersion = 51;
	objects = {

/* Begin PBXBuildFile section */
		3262A875E6217B8CCDF21F3D /* Pods_Tennis_Connect.framework in Frameworks */ = {isa = PBXBuildFile; fileRef = 3253282C5981F1DA60A651DA /* Pods_Tennis_Connect.framework */; };
		9143678081977CF6772FB8DF /* Pods_Tennis_ConnectTests.framework in Frameworks */ = {isa = PBXBuildFile; fileRef = 8062F7951C9CC35071001ACB /* Pods_Tennis_ConnectTests.framework */; };
		B92070F324DB8829009ACC46 /* EmptyCell.m in Sources */ = {isa = PBXBuildFile; fileRef = B92070F224DB8829009ACC46 /* EmptyCell.m */; };
		B92070F624DC8172009ACC46 /* MessageViewController.m in Sources */ = {isa = PBXBuildFile; fileRef = B92070F524DC8172009ACC46 /* MessageViewController.m */; };
		B92070F924DC82AD009ACC46 /* ChatRoomCell.m in Sources */ = {isa = PBXBuildFile; fileRef = B92070F824DC82AD009ACC46 /* ChatRoomCell.m */; };
		B92070FC24DC875B009ACC46 /* Message.m in Sources */ = {isa = PBXBuildFile; fileRef = B92070FB24DC875B009ACC46 /* Message.m */; };
		B9303DAD24C254DD002B875A /* Player.m in Sources */ = {isa = PBXBuildFile; fileRef = B9303DAC24C254DD002B875A /* Player.m */; };
		B935560624C0C0ED0040F7BC /* SuggestViewController.m in Sources */ = {isa = PBXBuildFile; fileRef = B935560524C0C0ED0040F7BC /* SuggestViewController.m */; };
		B970F73F24BCCB9E00B2BAF8 /* ProfileViewController.m in Sources */ = {isa = PBXBuildFile; fileRef = B970F73E24BCCB9E00B2BAF8 /* ProfileViewController.m */; };
		B970F74224BCCFD900B2BAF8 /* RegisterViewController.m in Sources */ = {isa = PBXBuildFile; fileRef = B970F74124BCCFD900B2BAF8 /* RegisterViewController.m */; };
		B9879B8324BE670E00EC2794 /* Court.m in Sources */ = {isa = PBXBuildFile; fileRef = B9879B8224BE670E00EC2794 /* Court.m */; };
		B9879B8624BE69DF00EC2794 /* Match.m in Sources */ = {isa = PBXBuildFile; fileRef = B9879B8524BE69DF00EC2794 /* Match.m */; };
		B99E78F424BE0D19008D4C2F /* MapKit.framework in Frameworks */ = {isa = PBXBuildFile; fileRef = B99E78F324BE0D19008D4C2F /* MapKit.framework */; };
		B99E78F724BE0D5F008D4C2F /* MapViewController.m in Sources */ = {isa = PBXBuildFile; fileRef = B99E78F624BE0D5F008D4C2F /* MapViewController.m */; };
		B9BB466024C754C400275A3F /* SuggestedPlayer.xib in Resources */ = {isa = PBXBuildFile; fileRef = B9BB465F24C754C400275A3F /* SuggestedPlayer.xib */; };
		B9BB466324C7550400275A3F /* SuggestedPlayerView.m in Sources */ = {isa = PBXBuildFile; fileRef = B9BB466224C7550400275A3F /* SuggestedPlayerView.m */; };
		B9BB466624C79BEE00275A3F /* MatchRequestViewController.m in Sources */ = {isa = PBXBuildFile; fileRef = B9BB466524C79BEE00275A3F /* MatchRequestViewController.m */; };
		B9BB466924C8E2E600275A3F /* CourtDetailViewController.m in Sources */ = {isa = PBXBuildFile; fileRef = B9BB466824C8E2E600275A3F /* CourtDetailViewController.m */; };
		B9BB466C24C9069D00275A3F /* MatchReqCell.m in Sources */ = {isa = PBXBuildFile; fileRef = B9BB466B24C9069D00275A3F /* MatchReqCell.m */; };
		B9BB466F24CA388C00275A3F /* LogScoreViewController.m in Sources */ = {isa = PBXBuildFile; fileRef = B9BB466E24CA388C00275A3F /* LogScoreViewController.m */; };
		B9BB467224CB4C4800275A3F /* MatchHistoryViewController.m in Sources */ = {isa = PBXBuildFile; fileRef = B9BB467124CB4C4800275A3F /* MatchHistoryViewController.m */; };
		B9BB467624CB4DE400275A3F /* MatchHistoryCell.m in Sources */ = {isa = PBXBuildFile; fileRef = B9BB467524CB4DE400275A3F /* MatchHistoryCell.m */; };
		B9D6813A24BCC084005CCBB3 /* AppDelegate.m in Sources */ = {isa = PBXBuildFile; fileRef = B9D6813924BCC084005CCBB3 /* AppDelegate.m */; };
		B9D6813D24BCC084005CCBB3 /* SceneDelegate.m in Sources */ = {isa = PBXBuildFile; fileRef = B9D6813C24BCC084005CCBB3 /* SceneDelegate.m */; };
		B9D6814324BCC084005CCBB3 /* Main.storyboard in Resources */ = {isa = PBXBuildFile; fileRef = B9D6814124BCC084005CCBB3 /* Main.storyboard */; };
		B9D6814524BCC085005CCBB3 /* Assets.xcassets in Resources */ = {isa = PBXBuildFile; fileRef = B9D6814424BCC085005CCBB3 /* Assets.xcassets */; };
		B9D6814824BCC085005CCBB3 /* LaunchScreen.storyboard in Resources */ = {isa = PBXBuildFile; fileRef = B9D6814624BCC085005CCBB3 /* LaunchScreen.storyboard */; };
		B9D6814B24BCC085005CCBB3 /* main.m in Sources */ = {isa = PBXBuildFile; fileRef = B9D6814A24BCC085005CCBB3 /* main.m */; };
		B9D6815524BCC085005CCBB3 /* Tennis_ConnectTests.m in Sources */ = {isa = PBXBuildFile; fileRef = B9D6815424BCC085005CCBB3 /* Tennis_ConnectTests.m */; };
		B9D6816024BCC085005CCBB3 /* Tennis_ConnectUITests.m in Sources */ = {isa = PBXBuildFile; fileRef = B9D6815F24BCC085005CCBB3 /* Tennis_ConnectUITests.m */; };
		B9D6817024BCC10A005CCBB3 /* LoginViewController.m in Sources */ = {isa = PBXBuildFile; fileRef = B9D6816F24BCC10A005CCBB3 /* LoginViewController.m */; };
		B9F8336624CF4E93002FE119 /* SettingsViewController.m in Sources */ = {isa = PBXBuildFile; fileRef = B9F8336524CF4E93002FE119 /* SettingsViewController.m */; };
		DAA3B93ACE4D4AF70FE37E0C /* Pods_Tennis_Connect_Tennis_ConnectUITests.framework in Frameworks */ = {isa = PBXBuildFile; fileRef = C7C3E53ABEEA50B5BB066E92 /* Pods_Tennis_Connect_Tennis_ConnectUITests.framework */; };
/* End PBXBuildFile section */

/* Begin PBXContainerItemProxy section */
		B9D6815124BCC085005CCBB3 /* PBXContainerItemProxy */ = {
			isa = PBXContainerItemProxy;
			containerPortal = B9D6812D24BCC084005CCBB3 /* Project object */;
			proxyType = 1;
			remoteGlobalIDString = B9D6813424BCC084005CCBB3;
			remoteInfo = "Tennis Connect";
		};
		B9D6815C24BCC085005CCBB3 /* PBXContainerItemProxy */ = {
			isa = PBXContainerItemProxy;
			containerPortal = B9D6812D24BCC084005CCBB3 /* Project object */;
			proxyType = 1;
			remoteGlobalIDString = B9D6813424BCC084005CCBB3;
			remoteInfo = "Tennis Connect";
		};
/* End PBXContainerItemProxy section */

/* Begin PBXFileReference section */
		258385AF69571FB6703D83E6 /* Pods-Tennis ConnectTests.debug.xcconfig */ = {isa = PBXFileReference; includeInIndex = 1; lastKnownFileType = text.xcconfig; name = "Pods-Tennis ConnectTests.debug.xcconfig"; path = "Target Support Files/Pods-Tennis ConnectTests/Pods-Tennis ConnectTests.debug.xcconfig"; sourceTree = "<group>"; };
		25A0C0981AC4EACE5C6137D9 /* Pods-Tennis ConnectTests.release.xcconfig */ = {isa = PBXFileReference; includeInIndex = 1; lastKnownFileType = text.xcconfig; name = "Pods-Tennis ConnectTests.release.xcconfig"; path = "Target Support Files/Pods-Tennis ConnectTests/Pods-Tennis ConnectTests.release.xcconfig"; sourceTree = "<group>"; };
		3253282C5981F1DA60A651DA /* Pods_Tennis_Connect.framework */ = {isa = PBXFileReference; explicitFileType = wrapper.framework; includeInIndex = 0; path = Pods_Tennis_Connect.framework; sourceTree = BUILT_PRODUCTS_DIR; };
		5D542E7E89146B9240C250BA /* Pods-Tennis Connect-Tennis ConnectUITests.release.xcconfig */ = {isa = PBXFileReference; includeInIndex = 1; lastKnownFileType = text.xcconfig; name = "Pods-Tennis Connect-Tennis ConnectUITests.release.xcconfig"; path = "Target Support Files/Pods-Tennis Connect-Tennis ConnectUITests/Pods-Tennis Connect-Tennis ConnectUITests.release.xcconfig"; sourceTree = "<group>"; };
		8062F7951C9CC35071001ACB /* Pods_Tennis_ConnectTests.framework */ = {isa = PBXFileReference; explicitFileType = wrapper.framework; includeInIndex = 0; path = Pods_Tennis_ConnectTests.framework; sourceTree = BUILT_PRODUCTS_DIR; };
		98282AA9CED8640FC591AE9D /* Pods-Tennis Connect-Tennis ConnectUITests.debug.xcconfig */ = {isa = PBXFileReference; includeInIndex = 1; lastKnownFileType = text.xcconfig; name = "Pods-Tennis Connect-Tennis ConnectUITests.debug.xcconfig"; path = "Target Support Files/Pods-Tennis Connect-Tennis ConnectUITests/Pods-Tennis Connect-Tennis ConnectUITests.debug.xcconfig"; sourceTree = "<group>"; };
		9E56DC2D3A1557528FD84A23 /* Pods-Tennis Connect.debug.xcconfig */ = {isa = PBXFileReference; includeInIndex = 1; lastKnownFileType = text.xcconfig; name = "Pods-Tennis Connect.debug.xcconfig"; path = "Target Support Files/Pods-Tennis Connect/Pods-Tennis Connect.debug.xcconfig"; sourceTree = "<group>"; };
		B92070F124DB8829009ACC46 /* EmptyCell.h */ = {isa = PBXFileReference; lastKnownFileType = sourcecode.c.h; path = EmptyCell.h; sourceTree = "<group>"; };
		B92070F224DB8829009ACC46 /* EmptyCell.m */ = {isa = PBXFileReference; lastKnownFileType = sourcecode.c.objc; path = EmptyCell.m; sourceTree = "<group>"; };
		B92070F424DC8172009ACC46 /* MessageViewController.h */ = {isa = PBXFileReference; lastKnownFileType = sourcecode.c.h; path = MessageViewController.h; sourceTree = "<group>"; };
		B92070F524DC8172009ACC46 /* MessageViewController.m */ = {isa = PBXFileReference; lastKnownFileType = sourcecode.c.objc; path = MessageViewController.m; sourceTree = "<group>"; };
		B92070F724DC82AD009ACC46 /* ChatRoomCell.h */ = {isa = PBXFileReference; lastKnownFileType = sourcecode.c.h; path = ChatRoomCell.h; sourceTree = "<group>"; };
		B92070F824DC82AD009ACC46 /* ChatRoomCell.m */ = {isa = PBXFileReference; lastKnownFileType = sourcecode.c.objc; path = ChatRoomCell.m; sourceTree = "<group>"; };
		B92070FA24DC875B009ACC46 /* Message.h */ = {isa = PBXFileReference; lastKnownFileType = sourcecode.c.h; path = Message.h; sourceTree = "<group>"; };
		B92070FB24DC875B009ACC46 /* Message.m */ = {isa = PBXFileReference; lastKnownFileType = sourcecode.c.objc; path = Message.m; sourceTree = "<group>"; };
		B9303DAB24C254DD002B875A /* Player.h */ = {isa = PBXFileReference; lastKnownFileType = sourcecode.c.h; path = Player.h; sourceTree = "<group>"; };
		B9303DAC24C254DD002B875A /* Player.m */ = {isa = PBXFileReference; lastKnownFileType = sourcecode.c.objc; path = Player.m; sourceTree = "<group>"; };
		B935560424C0C0ED0040F7BC /* SuggestViewController.h */ = {isa = PBXFileReference; lastKnownFileType = sourcecode.c.h; path = SuggestViewController.h; sourceTree = "<group>"; };
		B935560524C0C0ED0040F7BC /* SuggestViewController.m */ = {isa = PBXFileReference; lastKnownFileType = sourcecode.c.objc; path = SuggestViewController.m; sourceTree = "<group>"; };
		B970F73D24BCCB9E00B2BAF8 /* ProfileViewController.h */ = {isa = PBXFileReference; lastKnownFileType = sourcecode.c.h; path = ProfileViewController.h; sourceTree = "<group>"; };
		B970F73E24BCCB9E00B2BAF8 /* ProfileViewController.m */ = {isa = PBXFileReference; lastKnownFileType = sourcecode.c.objc; path = ProfileViewController.m; sourceTree = "<group>"; };
		B970F74024BCCFD900B2BAF8 /* RegisterViewController.h */ = {isa = PBXFileReference; lastKnownFileType = sourcecode.c.h; path = RegisterViewController.h; sourceTree = "<group>"; };
		B970F74124BCCFD900B2BAF8 /* RegisterViewController.m */ = {isa = PBXFileReference; lastKnownFileType = sourcecode.c.objc; path = RegisterViewController.m; sourceTree = "<group>"; };
		B9879B8124BE670E00EC2794 /* Court.h */ = {isa = PBXFileReference; lastKnownFileType = sourcecode.c.h; path = Court.h; sourceTree = "<group>"; };
		B9879B8224BE670E00EC2794 /* Court.m */ = {isa = PBXFileReference; lastKnownFileType = sourcecode.c.objc; path = Court.m; sourceTree = "<group>"; };
		B9879B8424BE69DF00EC2794 /* Match.h */ = {isa = PBXFileReference; lastKnownFileType = sourcecode.c.h; path = Match.h; sourceTree = "<group>"; };
		B9879B8524BE69DF00EC2794 /* Match.m */ = {isa = PBXFileReference; lastKnownFileType = sourcecode.c.objc; path = Match.m; sourceTree = "<group>"; };
		B99E78F324BE0D19008D4C2F /* MapKit.framework */ = {isa = PBXFileReference; lastKnownFileType = wrapper.framework; name = MapKit.framework; path = System/Library/Frameworks/MapKit.framework; sourceTree = SDKROOT; };
		B99E78F524BE0D5F008D4C2F /* MapViewController.h */ = {isa = PBXFileReference; lastKnownFileType = sourcecode.c.h; path = MapViewController.h; sourceTree = "<group>"; };
		B99E78F624BE0D5F008D4C2F /* MapViewController.m */ = {isa = PBXFileReference; lastKnownFileType = sourcecode.c.objc; path = MapViewController.m; sourceTree = "<group>"; };
		B9BB465F24C754C400275A3F /* SuggestedPlayer.xib */ = {isa = PBXFileReference; lastKnownFileType = file.xib; path = SuggestedPlayer.xib; sourceTree = "<group>"; };
		B9BB466124C7550400275A3F /* SuggestedPlayerView.h */ = {isa = PBXFileReference; lastKnownFileType = sourcecode.c.h; path = SuggestedPlayerView.h; sourceTree = "<group>"; };
		B9BB466224C7550400275A3F /* SuggestedPlayerView.m */ = {isa = PBXFileReference; lastKnownFileType = sourcecode.c.objc; path = SuggestedPlayerView.m; sourceTree = "<group>"; };
		B9BB466424C79BEE00275A3F /* MatchRequestViewController.h */ = {isa = PBXFileReference; lastKnownFileType = sourcecode.c.h; path = MatchRequestViewController.h; sourceTree = "<group>"; };
		B9BB466524C79BEE00275A3F /* MatchRequestViewController.m */ = {isa = PBXFileReference; lastKnownFileType = sourcecode.c.objc; path = MatchRequestViewController.m; sourceTree = "<group>"; };
		B9BB466724C8E2E600275A3F /* CourtDetailViewController.h */ = {isa = PBXFileReference; lastKnownFileType = sourcecode.c.h; path = CourtDetailViewController.h; sourceTree = "<group>"; };
		B9BB466824C8E2E600275A3F /* CourtDetailViewController.m */ = {isa = PBXFileReference; lastKnownFileType = sourcecode.c.objc; path = CourtDetailViewController.m; sourceTree = "<group>"; };
		B9BB466A24C9069D00275A3F /* MatchReqCell.h */ = {isa = PBXFileReference; lastKnownFileType = sourcecode.c.h; path = MatchReqCell.h; sourceTree = "<group>"; };
		B9BB466B24C9069D00275A3F /* MatchReqCell.m */ = {isa = PBXFileReference; lastKnownFileType = sourcecode.c.objc; path = MatchReqCell.m; sourceTree = "<group>"; };
		B9BB466D24CA388C00275A3F /* LogScoreViewController.h */ = {isa = PBXFileReference; lastKnownFileType = sourcecode.c.h; path = LogScoreViewController.h; sourceTree = "<group>"; };
		B9BB466E24CA388C00275A3F /* LogScoreViewController.m */ = {isa = PBXFileReference; lastKnownFileType = sourcecode.c.objc; path = LogScoreViewController.m; sourceTree = "<group>"; };
		B9BB467024CB4C4800275A3F /* MatchHistoryViewController.h */ = {isa = PBXFileReference; lastKnownFileType = sourcecode.c.h; path = MatchHistoryViewController.h; sourceTree = "<group>"; };
		B9BB467124CB4C4800275A3F /* MatchHistoryViewController.m */ = {isa = PBXFileReference; lastKnownFileType = sourcecode.c.objc; path = MatchHistoryViewController.m; sourceTree = "<group>"; };
		B9BB467424CB4DE400275A3F /* MatchHistoryCell.h */ = {isa = PBXFileReference; lastKnownFileType = sourcecode.c.h; path = MatchHistoryCell.h; sourceTree = "<group>"; };
		B9BB467524CB4DE400275A3F /* MatchHistoryCell.m */ = {isa = PBXFileReference; lastKnownFileType = sourcecode.c.objc; path = MatchHistoryCell.m; sourceTree = "<group>"; };
		B9D6813524BCC084005CCBB3 /* Tennis Connect.app */ = {isa = PBXFileReference; explicitFileType = wrapper.application; includeInIndex = 0; path = "Tennis Connect.app"; sourceTree = BUILT_PRODUCTS_DIR; };
		B9D6813824BCC084005CCBB3 /* AppDelegate.h */ = {isa = PBXFileReference; lastKnownFileType = sourcecode.c.h; path = AppDelegate.h; sourceTree = "<group>"; };
		B9D6813924BCC084005CCBB3 /* AppDelegate.m */ = {isa = PBXFileReference; lastKnownFileType = sourcecode.c.objc; path = AppDelegate.m; sourceTree = "<group>"; };
		B9D6813B24BCC084005CCBB3 /* SceneDelegate.h */ = {isa = PBXFileReference; lastKnownFileType = sourcecode.c.h; path = SceneDelegate.h; sourceTree = "<group>"; };
		B9D6813C24BCC084005CCBB3 /* SceneDelegate.m */ = {isa = PBXFileReference; lastKnownFileType = sourcecode.c.objc; path = SceneDelegate.m; sourceTree = "<group>"; };
		B9D6814224BCC084005CCBB3 /* Base */ = {isa = PBXFileReference; lastKnownFileType = file.storyboard; name = Base; path = Base.lproj/Main.storyboard; sourceTree = "<group>"; };
		B9D6814424BCC085005CCBB3 /* Assets.xcassets */ = {isa = PBXFileReference; lastKnownFileType = folder.assetcatalog; path = Assets.xcassets; sourceTree = "<group>"; };
		B9D6814724BCC085005CCBB3 /* Base */ = {isa = PBXFileReference; lastKnownFileType = file.storyboard; name = Base; path = Base.lproj/LaunchScreen.storyboard; sourceTree = "<group>"; };
		B9D6814924BCC085005CCBB3 /* Info.plist */ = {isa = PBXFileReference; lastKnownFileType = text.plist.xml; path = Info.plist; sourceTree = "<group>"; };
		B9D6814A24BCC085005CCBB3 /* main.m */ = {isa = PBXFileReference; lastKnownFileType = sourcecode.c.objc; path = main.m; sourceTree = "<group>"; };
		B9D6815024BCC085005CCBB3 /* Tennis ConnectTests.xctest */ = {isa = PBXFileReference; explicitFileType = wrapper.cfbundle; includeInIndex = 0; path = "Tennis ConnectTests.xctest"; sourceTree = BUILT_PRODUCTS_DIR; };
		B9D6815424BCC085005CCBB3 /* Tennis_ConnectTests.m */ = {isa = PBXFileReference; lastKnownFileType = sourcecode.c.objc; path = Tennis_ConnectTests.m; sourceTree = "<group>"; };
		B9D6815624BCC085005CCBB3 /* Info.plist */ = {isa = PBXFileReference; lastKnownFileType = text.plist.xml; path = Info.plist; sourceTree = "<group>"; };
		B9D6815B24BCC085005CCBB3 /* Tennis ConnectUITests.xctest */ = {isa = PBXFileReference; explicitFileType = wrapper.cfbundle; includeInIndex = 0; path = "Tennis ConnectUITests.xctest"; sourceTree = BUILT_PRODUCTS_DIR; };
		B9D6815F24BCC085005CCBB3 /* Tennis_ConnectUITests.m */ = {isa = PBXFileReference; lastKnownFileType = sourcecode.c.objc; path = Tennis_ConnectUITests.m; sourceTree = "<group>"; };
		B9D6816124BCC085005CCBB3 /* Info.plist */ = {isa = PBXFileReference; lastKnownFileType = text.plist.xml; path = Info.plist; sourceTree = "<group>"; };
		B9D6816E24BCC10A005CCBB3 /* LoginViewController.h */ = {isa = PBXFileReference; lastKnownFileType = sourcecode.c.h; path = LoginViewController.h; sourceTree = "<group>"; };
		B9D6816F24BCC10A005CCBB3 /* LoginViewController.m */ = {isa = PBXFileReference; lastKnownFileType = sourcecode.c.objc; path = LoginViewController.m; sourceTree = "<group>"; };
		B9F8336424CF4E93002FE119 /* SettingsViewController.h */ = {isa = PBXFileReference; lastKnownFileType = sourcecode.c.h; path = SettingsViewController.h; sourceTree = "<group>"; };
		B9F8336524CF4E93002FE119 /* SettingsViewController.m */ = {isa = PBXFileReference; lastKnownFileType = sourcecode.c.objc; path = SettingsViewController.m; sourceTree = "<group>"; };
		C7C3E53ABEEA50B5BB066E92 /* Pods_Tennis_Connect_Tennis_ConnectUITests.framework */ = {isa = PBXFileReference; explicitFileType = wrapper.framework; includeInIndex = 0; path = Pods_Tennis_Connect_Tennis_ConnectUITests.framework; sourceTree = BUILT_PRODUCTS_DIR; };
		FBF24FEA7D7C0B980AEC0E7E /* Pods-Tennis Connect.release.xcconfig */ = {isa = PBXFileReference; includeInIndex = 1; lastKnownFileType = text.xcconfig; name = "Pods-Tennis Connect.release.xcconfig"; path = "Target Support Files/Pods-Tennis Connect/Pods-Tennis Connect.release.xcconfig"; sourceTree = "<group>"; };
/* End PBXFileReference section */

/* Begin PBXFrameworksBuildPhase section */
		B9D6813224BCC084005CCBB3 /* Frameworks */ = {
			isa = PBXFrameworksBuildPhase;
			buildActionMask = 2147483647;
			files = (
				B99E78F424BE0D19008D4C2F /* MapKit.framework in Frameworks */,
				3262A875E6217B8CCDF21F3D /* Pods_Tennis_Connect.framework in Frameworks */,
			);
			runOnlyForDeploymentPostprocessing = 0;
		};
		B9D6814D24BCC085005CCBB3 /* Frameworks */ = {
			isa = PBXFrameworksBuildPhase;
			buildActionMask = 2147483647;
			files = (
				9143678081977CF6772FB8DF /* Pods_Tennis_ConnectTests.framework in Frameworks */,
			);
			runOnlyForDeploymentPostprocessing = 0;
		};
		B9D6815824BCC085005CCBB3 /* Frameworks */ = {
			isa = PBXFrameworksBuildPhase;
			buildActionMask = 2147483647;
			files = (
				DAA3B93ACE4D4AF70FE37E0C /* Pods_Tennis_Connect_Tennis_ConnectUITests.framework in Frameworks */,
			);
			runOnlyForDeploymentPostprocessing = 0;
		};
/* End PBXFrameworksBuildPhase section */

/* Begin PBXGroup section */
		B9481F1624C64EA500F97E43 /* Views */ = {
			isa = PBXGroup;
			children = (
				B9BB465F24C754C400275A3F /* SuggestedPlayer.xib */,
				B9BB466124C7550400275A3F /* SuggestedPlayerView.h */,
				B9BB466224C7550400275A3F /* SuggestedPlayerView.m */,
				B9BB466A24C9069D00275A3F /* MatchReqCell.h */,
				B9BB466B24C9069D00275A3F /* MatchReqCell.m */,
				B9BB467424CB4DE400275A3F /* MatchHistoryCell.h */,
				B9BB467524CB4DE400275A3F /* MatchHistoryCell.m */,
				B92070F124DB8829009ACC46 /* EmptyCell.h */,
				B92070F224DB8829009ACC46 /* EmptyCell.m */,
				B92070F724DC82AD009ACC46 /* ChatRoomCell.h */,
				B92070F824DC82AD009ACC46 /* ChatRoomCell.m */,
			);
			path = Views;
			sourceTree = "<group>";
		};
		B9879B7D24BE61EA00EC2794 /* Models */ = {
			isa = PBXGroup;
			children = (
				B9879B8124BE670E00EC2794 /* Court.h */,
				B9879B8224BE670E00EC2794 /* Court.m */,
				B9879B8424BE69DF00EC2794 /* Match.h */,
				B9879B8524BE69DF00EC2794 /* Match.m */,
				B9303DAB24C254DD002B875A /* Player.h */,
				B9303DAC24C254DD002B875A /* Player.m */,
				B92070FA24DC875B009ACC46 /* Message.h */,
				B92070FB24DC875B009ACC46 /* Message.m */,
			);
			path = Models;
			sourceTree = "<group>";
		};
		B9D6812C24BCC084005CCBB3 = {
			isa = PBXGroup;
			children = (
				B9D6813724BCC084005CCBB3 /* Tennis Connect */,
				B9D6815324BCC085005CCBB3 /* Tennis ConnectTests */,
				B9D6815E24BCC085005CCBB3 /* Tennis ConnectUITests */,
				B9D6813624BCC084005CCBB3 /* Products */,
				C9B8D2DA6F466E5EF3037109 /* Pods */,
				DD874663496D7DA3E3F87173 /* Frameworks */,
			);
			sourceTree = "<group>";
		};
		B9D6813624BCC084005CCBB3 /* Products */ = {
			isa = PBXGroup;
			children = (
				B9D6813524BCC084005CCBB3 /* Tennis Connect.app */,
				B9D6815024BCC085005CCBB3 /* Tennis ConnectTests.xctest */,
				B9D6815B24BCC085005CCBB3 /* Tennis ConnectUITests.xctest */,
			);
			name = Products;
			sourceTree = "<group>";
		};
		B9D6813724BCC084005CCBB3 /* Tennis Connect */ = {
			isa = PBXGroup;
			children = (
				B9481F1624C64EA500F97E43 /* Views */,
				B9879B7D24BE61EA00EC2794 /* Models */,
				B9D6816D24BCC0F0005CCBB3 /* View Controllers */,
				B9D6813824BCC084005CCBB3 /* AppDelegate.h */,
				B9D6813924BCC084005CCBB3 /* AppDelegate.m */,
				B9D6813B24BCC084005CCBB3 /* SceneDelegate.h */,
				B9D6813C24BCC084005CCBB3 /* SceneDelegate.m */,
				B9D6814124BCC084005CCBB3 /* Main.storyboard */,
				B9D6814424BCC085005CCBB3 /* Assets.xcassets */,
				B9D6814624BCC085005CCBB3 /* LaunchScreen.storyboard */,
				B9D6814924BCC085005CCBB3 /* Info.plist */,
				B9D6814A24BCC085005CCBB3 /* main.m */,
			);
			path = "Tennis Connect";
			sourceTree = "<group>";
		};
		B9D6815324BCC085005CCBB3 /* Tennis ConnectTests */ = {
			isa = PBXGroup;
			children = (
				B9D6815424BCC085005CCBB3 /* Tennis_ConnectTests.m */,
				B9D6815624BCC085005CCBB3 /* Info.plist */,
			);
			path = "Tennis ConnectTests";
			sourceTree = "<group>";
		};
		B9D6815E24BCC085005CCBB3 /* Tennis ConnectUITests */ = {
			isa = PBXGroup;
			children = (
				B9D6815F24BCC085005CCBB3 /* Tennis_ConnectUITests.m */,
				B9D6816124BCC085005CCBB3 /* Info.plist */,
			);
			path = "Tennis ConnectUITests";
			sourceTree = "<group>";
		};
		B9D6816D24BCC0F0005CCBB3 /* View Controllers */ = {
			isa = PBXGroup;
			children = (
				B9D6816E24BCC10A005CCBB3 /* LoginViewController.h */,
				B9D6816F24BCC10A005CCBB3 /* LoginViewController.m */,
				B970F73D24BCCB9E00B2BAF8 /* ProfileViewController.h */,
				B970F73E24BCCB9E00B2BAF8 /* ProfileViewController.m */,
				B970F74024BCCFD900B2BAF8 /* RegisterViewController.h */,
				B970F74124BCCFD900B2BAF8 /* RegisterViewController.m */,
				B99E78F524BE0D5F008D4C2F /* MapViewController.h */,
				B99E78F624BE0D5F008D4C2F /* MapViewController.m */,
				B935560424C0C0ED0040F7BC /* SuggestViewController.h */,
				B935560524C0C0ED0040F7BC /* SuggestViewController.m */,
				B9BB466424C79BEE00275A3F /* MatchRequestViewController.h */,
				B9BB466524C79BEE00275A3F /* MatchRequestViewController.m */,
				B9BB466724C8E2E600275A3F /* CourtDetailViewController.h */,
				B9BB466824C8E2E600275A3F /* CourtDetailViewController.m */,
				B9BB466D24CA388C00275A3F /* LogScoreViewController.h */,
				B9BB466E24CA388C00275A3F /* LogScoreViewController.m */,
				B9BB467024CB4C4800275A3F /* MatchHistoryViewController.h */,
				B9BB467124CB4C4800275A3F /* MatchHistoryViewController.m */,
				B9F8336424CF4E93002FE119 /* SettingsViewController.h */,
				B9F8336524CF4E93002FE119 /* SettingsViewController.m */,
				B92070F424DC8172009ACC46 /* MessageViewController.h */,
				B92070F524DC8172009ACC46 /* MessageViewController.m */,
			);
			path = "View Controllers";
			sourceTree = "<group>";
		};
		C9B8D2DA6F466E5EF3037109 /* Pods */ = {
			isa = PBXGroup;
			children = (
				9E56DC2D3A1557528FD84A23 /* Pods-Tennis Connect.debug.xcconfig */,
				FBF24FEA7D7C0B980AEC0E7E /* Pods-Tennis Connect.release.xcconfig */,
				98282AA9CED8640FC591AE9D /* Pods-Tennis Connect-Tennis ConnectUITests.debug.xcconfig */,
				5D542E7E89146B9240C250BA /* Pods-Tennis Connect-Tennis ConnectUITests.release.xcconfig */,
				258385AF69571FB6703D83E6 /* Pods-Tennis ConnectTests.debug.xcconfig */,
				25A0C0981AC4EACE5C6137D9 /* Pods-Tennis ConnectTests.release.xcconfig */,
			);
			path = Pods;
			sourceTree = "<group>";
		};
		DD874663496D7DA3E3F87173 /* Frameworks */ = {
			isa = PBXGroup;
			children = (
				B99E78F324BE0D19008D4C2F /* MapKit.framework */,
				3253282C5981F1DA60A651DA /* Pods_Tennis_Connect.framework */,
				C7C3E53ABEEA50B5BB066E92 /* Pods_Tennis_Connect_Tennis_ConnectUITests.framework */,
				8062F7951C9CC35071001ACB /* Pods_Tennis_ConnectTests.framework */,
			);
			name = Frameworks;
			sourceTree = "<group>";
		};
/* End PBXGroup section */

/* Begin PBXNativeTarget section */
		B9D6813424BCC084005CCBB3 /* Tennis Connect */ = {
			isa = PBXNativeTarget;
			buildConfigurationList = B9D6816424BCC085005CCBB3 /* Build configuration list for PBXNativeTarget "Tennis Connect" */;
			buildPhases = (
				B3EC3E372A75FA6EBCDEA02B /* [CP] Check Pods Manifest.lock */,
				B9D6813124BCC084005CCBB3 /* Sources */,
				B9D6813224BCC084005CCBB3 /* Frameworks */,
				B9D6813324BCC084005CCBB3 /* Resources */,
				A294A08A7A27363F885D8D14 /* [CP] Embed Pods Frameworks */,
			);
			buildRules = (
			);
			dependencies = (
			);
			name = "Tennis Connect";
			productName = "Tennis Connect";
			productReference = B9D6813524BCC084005CCBB3 /* Tennis Connect.app */;
			productType = "com.apple.product-type.application";
		};
		B9D6814F24BCC085005CCBB3 /* Tennis ConnectTests */ = {
			isa = PBXNativeTarget;
			buildConfigurationList = B9D6816724BCC085005CCBB3 /* Build configuration list for PBXNativeTarget "Tennis ConnectTests" */;
			buildPhases = (
				8A47F493DE5D3969ECAADB94 /* [CP] Check Pods Manifest.lock */,
				B9D6814C24BCC085005CCBB3 /* Sources */,
				B9D6814D24BCC085005CCBB3 /* Frameworks */,
				B9D6814E24BCC085005CCBB3 /* Resources */,
			);
			buildRules = (
			);
			dependencies = (
				B9D6815224BCC085005CCBB3 /* PBXTargetDependency */,
			);
			name = "Tennis ConnectTests";
			productName = "Tennis ConnectTests";
			productReference = B9D6815024BCC085005CCBB3 /* Tennis ConnectTests.xctest */;
			productType = "com.apple.product-type.bundle.unit-test";
		};
		B9D6815A24BCC085005CCBB3 /* Tennis ConnectUITests */ = {
			isa = PBXNativeTarget;
			buildConfigurationList = B9D6816A24BCC085005CCBB3 /* Build configuration list for PBXNativeTarget "Tennis ConnectUITests" */;
			buildPhases = (
				0F906C137F44F751EA811F92 /* [CP] Check Pods Manifest.lock */,
				B9D6815724BCC085005CCBB3 /* Sources */,
				B9D6815824BCC085005CCBB3 /* Frameworks */,
				B9D6815924BCC085005CCBB3 /* Resources */,
				2A028C069F10D00BD4555396 /* [CP] Embed Pods Frameworks */,
			);
			buildRules = (
			);
			dependencies = (
				B9D6815D24BCC085005CCBB3 /* PBXTargetDependency */,
			);
			name = "Tennis ConnectUITests";
			productName = "Tennis ConnectUITests";
			productReference = B9D6815B24BCC085005CCBB3 /* Tennis ConnectUITests.xctest */;
			productType = "com.apple.product-type.bundle.ui-testing";
		};
/* End PBXNativeTarget section */

/* Begin PBXProject section */
		B9D6812D24BCC084005CCBB3 /* Project object */ = {
			isa = PBXProject;
			attributes = {
				LastUpgradeCheck = 1150;
				ORGANIZATIONNAME = "Angela Xu";
				TargetAttributes = {
					B9D6813424BCC084005CCBB3 = {
						CreatedOnToolsVersion = 11.5;
					};
					B9D6814F24BCC085005CCBB3 = {
						CreatedOnToolsVersion = 11.5;
						TestTargetID = B9D6813424BCC084005CCBB3;
					};
					B9D6815A24BCC085005CCBB3 = {
						CreatedOnToolsVersion = 11.5;
						TestTargetID = B9D6813424BCC084005CCBB3;
					};
				};
			};
			buildConfigurationList = B9D6813024BCC084005CCBB3 /* Build configuration list for PBXProject "Tennis Connect" */;
			compatibilityVersion = "Xcode 9.3";
			developmentRegion = en;
			hasScannedForEncodings = 0;
			knownRegions = (
				en,
				Base,
			);
			mainGroup = B9D6812C24BCC084005CCBB3;
			productRefGroup = B9D6813624BCC084005CCBB3 /* Products */;
			projectDirPath = "";
			projectRoot = "";
			targets = (
				B9D6813424BCC084005CCBB3 /* Tennis Connect */,
				B9D6814F24BCC085005CCBB3 /* Tennis ConnectTests */,
				B9D6815A24BCC085005CCBB3 /* Tennis ConnectUITests */,
			);
		};
/* End PBXProject section */

/* Begin PBXResourcesBuildPhase section */
		B9D6813324BCC084005CCBB3 /* Resources */ = {
			isa = PBXResourcesBuildPhase;
			buildActionMask = 2147483647;
			files = (
				B9D6814824BCC085005CCBB3 /* LaunchScreen.storyboard in Resources */,
				B9D6814524BCC085005CCBB3 /* Assets.xcassets in Resources */,
				B9BB466024C754C400275A3F /* SuggestedPlayer.xib in Resources */,
				B9D6814324BCC084005CCBB3 /* Main.storyboard in Resources */,
			);
			runOnlyForDeploymentPostprocessing = 0;
		};
		B9D6814E24BCC085005CCBB3 /* Resources */ = {
			isa = PBXResourcesBuildPhase;
			buildActionMask = 2147483647;
			files = (
			);
			runOnlyForDeploymentPostprocessing = 0;
		};
		B9D6815924BCC085005CCBB3 /* Resources */ = {
			isa = PBXResourcesBuildPhase;
			buildActionMask = 2147483647;
			files = (
			);
			runOnlyForDeploymentPostprocessing = 0;
		};
/* End PBXResourcesBuildPhase section */

/* Begin PBXShellScriptBuildPhase section */
		0F906C137F44F751EA811F92 /* [CP] Check Pods Manifest.lock */ = {
			isa = PBXShellScriptBuildPhase;
			buildActionMask = 2147483647;
			files = (
			);
			inputFileListPaths = (
			);
			inputPaths = (
				"${PODS_PODFILE_DIR_PATH}/Podfile.lock",
				"${PODS_ROOT}/Manifest.lock",
			);
			name = "[CP] Check Pods Manifest.lock";
			outputFileListPaths = (
			);
			outputPaths = (
				"$(DERIVED_FILE_DIR)/Pods-Tennis Connect-Tennis ConnectUITests-checkManifestLockResult.txt",
			);
			runOnlyForDeploymentPostprocessing = 0;
			shellPath = /bin/sh;
			shellScript = "diff \"${PODS_PODFILE_DIR_PATH}/Podfile.lock\" \"${PODS_ROOT}/Manifest.lock\" > /dev/null\nif [ $? != 0 ] ; then\n    # print error to STDERR\n    echo \"error: The sandbox is not in sync with the Podfile.lock. Run 'pod install' or update your CocoaPods installation.\" >&2\n    exit 1\nfi\n# This output is used by Xcode 'outputs' to avoid re-running this script phase.\necho \"SUCCESS\" > \"${SCRIPT_OUTPUT_FILE_0}\"\n";
			showEnvVarsInLog = 0;
		};
		2A028C069F10D00BD4555396 /* [CP] Embed Pods Frameworks */ = {
			isa = PBXShellScriptBuildPhase;
			buildActionMask = 2147483647;
			files = (
			);
			inputFileListPaths = (
				"${PODS_ROOT}/Target Support Files/Pods-Tennis Connect-Tennis ConnectUITests/Pods-Tennis Connect-Tennis ConnectUITests-frameworks-${CONFIGURATION}-input-files.xcfilelist",
			);
			name = "[CP] Embed Pods Frameworks";
			outputFileListPaths = (
				"${PODS_ROOT}/Target Support Files/Pods-Tennis Connect-Tennis ConnectUITests/Pods-Tennis Connect-Tennis ConnectUITests-frameworks-${CONFIGURATION}-output-files.xcfilelist",
			);
			runOnlyForDeploymentPostprocessing = 0;
			shellPath = /bin/sh;
			shellScript = "\"${PODS_ROOT}/Target Support Files/Pods-Tennis Connect-Tennis ConnectUITests/Pods-Tennis Connect-Tennis ConnectUITests-frameworks.sh\"\n";
			showEnvVarsInLog = 0;
		};
		8A47F493DE5D3969ECAADB94 /* [CP] Check Pods Manifest.lock */ = {
			isa = PBXShellScriptBuildPhase;
			buildActionMask = 2147483647;
			files = (
			);
			inputFileListPaths = (
			);
			inputPaths = (
				"${PODS_PODFILE_DIR_PATH}/Podfile.lock",
				"${PODS_ROOT}/Manifest.lock",
			);
			name = "[CP] Check Pods Manifest.lock";
			outputFileListPaths = (
			);
			outputPaths = (
				"$(DERIVED_FILE_DIR)/Pods-Tennis ConnectTests-checkManifestLockResult.txt",
			);
			runOnlyForDeploymentPostprocessing = 0;
			shellPath = /bin/sh;
			shellScript = "diff \"${PODS_PODFILE_DIR_PATH}/Podfile.lock\" \"${PODS_ROOT}/Manifest.lock\" > /dev/null\nif [ $? != 0 ] ; then\n    # print error to STDERR\n    echo \"error: The sandbox is not in sync with the Podfile.lock. Run 'pod install' or update your CocoaPods installation.\" >&2\n    exit 1\nfi\n# This output is used by Xcode 'outputs' to avoid re-running this script phase.\necho \"SUCCESS\" > \"${SCRIPT_OUTPUT_FILE_0}\"\n";
			showEnvVarsInLog = 0;
		};
		A294A08A7A27363F885D8D14 /* [CP] Embed Pods Frameworks */ = {
			isa = PBXShellScriptBuildPhase;
			buildActionMask = 2147483647;
			files = (
			);
			inputFileListPaths = (
				"${PODS_ROOT}/Target Support Files/Pods-Tennis Connect/Pods-Tennis Connect-frameworks-${CONFIGURATION}-input-files.xcfilelist",
			);
			name = "[CP] Embed Pods Frameworks";
			outputFileListPaths = (
				"${PODS_ROOT}/Target Support Files/Pods-Tennis Connect/Pods-Tennis Connect-frameworks-${CONFIGURATION}-output-files.xcfilelist",
			);
			runOnlyForDeploymentPostprocessing = 0;
			shellPath = /bin/sh;
			shellScript = "\"${PODS_ROOT}/Target Support Files/Pods-Tennis Connect/Pods-Tennis Connect-frameworks.sh\"\n";
			showEnvVarsInLog = 0;
		};
		B3EC3E372A75FA6EBCDEA02B /* [CP] Check Pods Manifest.lock */ = {
			isa = PBXShellScriptBuildPhase;
			buildActionMask = 2147483647;
			files = (
			);
			inputFileListPaths = (
			);
			inputPaths = (
				"${PODS_PODFILE_DIR_PATH}/Podfile.lock",
				"${PODS_ROOT}/Manifest.lock",
			);
			name = "[CP] Check Pods Manifest.lock";
			outputFileListPaths = (
			);
			outputPaths = (
				"$(DERIVED_FILE_DIR)/Pods-Tennis Connect-checkManifestLockResult.txt",
			);
			runOnlyForDeploymentPostprocessing = 0;
			shellPath = /bin/sh;
			shellScript = "diff \"${PODS_PODFILE_DIR_PATH}/Podfile.lock\" \"${PODS_ROOT}/Manifest.lock\" > /dev/null\nif [ $? != 0 ] ; then\n    # print error to STDERR\n    echo \"error: The sandbox is not in sync with the Podfile.lock. Run 'pod install' or update your CocoaPods installation.\" >&2\n    exit 1\nfi\n# This output is used by Xcode 'outputs' to avoid re-running this script phase.\necho \"SUCCESS\" > \"${SCRIPT_OUTPUT_FILE_0}\"\n";
			showEnvVarsInLog = 0;
		};
/* End PBXShellScriptBuildPhase section */

/* Begin PBXSourcesBuildPhase section */
		B9D6813124BCC084005CCBB3 /* Sources */ = {
			isa = PBXSourcesBuildPhase;
			buildActionMask = 2147483647;
			files = (
				B9BB467624CB4DE400275A3F /* MatchHistoryCell.m in Sources */,
				B9D6817024BCC10A005CCBB3 /* LoginViewController.m in Sources */,
				B9BB467224CB4C4800275A3F /* MatchHistoryViewController.m in Sources */,
				B9BB466324C7550400275A3F /* SuggestedPlayerView.m in Sources */,
				B9879B8324BE670E00EC2794 /* Court.m in Sources */,
				B9BB466C24C9069D00275A3F /* MatchReqCell.m in Sources */,
				B92070FC24DC875B009ACC46 /* Message.m in Sources */,
				B92070F624DC8172009ACC46 /* MessageViewController.m in Sources */,
				B970F74224BCCFD900B2BAF8 /* RegisterViewController.m in Sources */,
				B9BB466624C79BEE00275A3F /* MatchRequestViewController.m in Sources */,
				B9F8336624CF4E93002FE119 /* SettingsViewController.m in Sources */,
				B92070F324DB8829009ACC46 /* EmptyCell.m in Sources */,
				B9879B8624BE69DF00EC2794 /* Match.m in Sources */,
				B9D6813A24BCC084005CCBB3 /* AppDelegate.m in Sources */,
				B99E78F724BE0D5F008D4C2F /* MapViewController.m in Sources */,
				B9303DAD24C254DD002B875A /* Player.m in Sources */,
				B9D6814B24BCC085005CCBB3 /* main.m in Sources */,
				B9D6813D24BCC084005CCBB3 /* SceneDelegate.m in Sources */,
				B970F73F24BCCB9E00B2BAF8 /* ProfileViewController.m in Sources */,
				B92070F924DC82AD009ACC46 /* ChatRoomCell.m in Sources */,
				B9BB466924C8E2E600275A3F /* CourtDetailViewController.m in Sources */,
				B935560624C0C0ED0040F7BC /* SuggestViewController.m in Sources */,
				B9BB466F24CA388C00275A3F /* LogScoreViewController.m in Sources */,
			);
			runOnlyForDeploymentPostprocessing = 0;
		};
		B9D6814C24BCC085005CCBB3 /* Sources */ = {
			isa = PBXSourcesBuildPhase;
			buildActionMask = 2147483647;
			files = (
				B9D6815524BCC085005CCBB3 /* Tennis_ConnectTests.m in Sources */,
			);
			runOnlyForDeploymentPostprocessing = 0;
		};
		B9D6815724BCC085005CCBB3 /* Sources */ = {
			isa = PBXSourcesBuildPhase;
			buildActionMask = 2147483647;
			files = (
				B9D6816024BCC085005CCBB3 /* Tennis_ConnectUITests.m in Sources */,
			);
			runOnlyForDeploymentPostprocessing = 0;
		};
/* End PBXSourcesBuildPhase section */

/* Begin PBXTargetDependency section */
		B9D6815224BCC085005CCBB3 /* PBXTargetDependency */ = {
			isa = PBXTargetDependency;
			target = B9D6813424BCC084005CCBB3 /* Tennis Connect */;
			targetProxy = B9D6815124BCC085005CCBB3 /* PBXContainerItemProxy */;
		};
		B9D6815D24BCC085005CCBB3 /* PBXTargetDependency */ = {
			isa = PBXTargetDependency;
			target = B9D6813424BCC084005CCBB3 /* Tennis Connect */;
			targetProxy = B9D6815C24BCC085005CCBB3 /* PBXContainerItemProxy */;
		};
/* End PBXTargetDependency section */

/* Begin PBXVariantGroup section */
		B9D6814124BCC084005CCBB3 /* Main.storyboard */ = {
			isa = PBXVariantGroup;
			children = (
				B9D6814224BCC084005CCBB3 /* Base */,
			);
			name = Main.storyboard;
			sourceTree = "<group>";
		};
		B9D6814624BCC085005CCBB3 /* LaunchScreen.storyboard */ = {
			isa = PBXVariantGroup;
			children = (
				B9D6814724BCC085005CCBB3 /* Base */,
			);
			name = LaunchScreen.storyboard;
			sourceTree = "<group>";
		};
/* End PBXVariantGroup section */

/* Begin XCBuildConfiguration section */
		B9D6816224BCC085005CCBB3 /* Debug */ = {
			isa = XCBuildConfiguration;
			buildSettings = {
				ALWAYS_SEARCH_USER_PATHS = NO;
				CLANG_ANALYZER_NONNULL = YES;
				CLANG_ANALYZER_NUMBER_OBJECT_CONVERSION = YES_AGGRESSIVE;
				CLANG_CXX_LANGUAGE_STANDARD = "gnu++14";
				CLANG_CXX_LIBRARY = "libc++";
				CLANG_ENABLE_MODULES = YES;
				CLANG_ENABLE_OBJC_ARC = YES;
				CLANG_ENABLE_OBJC_WEAK = YES;
				CLANG_WARN_BLOCK_CAPTURE_AUTORELEASING = YES;
				CLANG_WARN_BOOL_CONVERSION = YES;
				CLANG_WARN_COMMA = YES;
				CLANG_WARN_CONSTANT_CONVERSION = YES;
				CLANG_WARN_DEPRECATED_OBJC_IMPLEMENTATIONS = YES;
				CLANG_WARN_DIRECT_OBJC_ISA_USAGE = YES_ERROR;
				CLANG_WARN_DOCUMENTATION_COMMENTS = YES;
				CLANG_WARN_EMPTY_BODY = YES;
				CLANG_WARN_ENUM_CONVERSION = YES;
				CLANG_WARN_INFINITE_RECURSION = YES;
				CLANG_WARN_INT_CONVERSION = YES;
				CLANG_WARN_NON_LITERAL_NULL_CONVERSION = YES;
				CLANG_WARN_OBJC_IMPLICIT_RETAIN_SELF = YES;
				CLANG_WARN_OBJC_LITERAL_CONVERSION = YES;
				CLANG_WARN_OBJC_ROOT_CLASS = YES_ERROR;
				CLANG_WARN_RANGE_LOOP_ANALYSIS = YES;
				CLANG_WARN_STRICT_PROTOTYPES = YES;
				CLANG_WARN_SUSPICIOUS_MOVE = YES;
				CLANG_WARN_UNGUARDED_AVAILABILITY = YES_AGGRESSIVE;
				CLANG_WARN_UNREACHABLE_CODE = YES;
				CLANG_WARN__DUPLICATE_METHOD_MATCH = YES;
				COPY_PHASE_STRIP = NO;
				DEBUG_INFORMATION_FORMAT = dwarf;
				ENABLE_STRICT_OBJC_MSGSEND = YES;
				ENABLE_TESTABILITY = YES;
				GCC_C_LANGUAGE_STANDARD = gnu11;
				GCC_DYNAMIC_NO_PIC = NO;
				GCC_NO_COMMON_BLOCKS = YES;
				GCC_OPTIMIZATION_LEVEL = 0;
				GCC_PREPROCESSOR_DEFINITIONS = (
					"DEBUG=1",
					"$(inherited)",
				);
				GCC_WARN_64_TO_32_BIT_CONVERSION = YES;
				GCC_WARN_ABOUT_RETURN_TYPE = YES_ERROR;
				GCC_WARN_UNDECLARED_SELECTOR = YES;
				GCC_WARN_UNINITIALIZED_AUTOS = YES_AGGRESSIVE;
				GCC_WARN_UNUSED_FUNCTION = YES;
				GCC_WARN_UNUSED_VARIABLE = YES;
				IPHONEOS_DEPLOYMENT_TARGET = 13.5;
				MTL_ENABLE_DEBUG_INFO = INCLUDE_SOURCE;
				MTL_FAST_MATH = YES;
				ONLY_ACTIVE_ARCH = YES;
				SDKROOT = iphoneos;
			};
			name = Debug;
		};
		B9D6816324BCC085005CCBB3 /* Release */ = {
			isa = XCBuildConfiguration;
			buildSettings = {
				ALWAYS_SEARCH_USER_PATHS = NO;
				CLANG_ANALYZER_NONNULL = YES;
				CLANG_ANALYZER_NUMBER_OBJECT_CONVERSION = YES_AGGRESSIVE;
				CLANG_CXX_LANGUAGE_STANDARD = "gnu++14";
				CLANG_CXX_LIBRARY = "libc++";
				CLANG_ENABLE_MODULES = YES;
				CLANG_ENABLE_OBJC_ARC = YES;
				CLANG_ENABLE_OBJC_WEAK = YES;
				CLANG_WARN_BLOCK_CAPTURE_AUTORELEASING = YES;
				CLANG_WARN_BOOL_CONVERSION = YES;
				CLANG_WARN_COMMA = YES;
				CLANG_WARN_CONSTANT_CONVERSION = YES;
				CLANG_WARN_DEPRECATED_OBJC_IMPLEMENTATIONS = YES;
				CLANG_WARN_DIRECT_OBJC_ISA_USAGE = YES_ERROR;
				CLANG_WARN_DOCUMENTATION_COMMENTS = YES;
				CLANG_WARN_EMPTY_BODY = YES;
				CLANG_WARN_ENUM_CONVERSION = YES;
				CLANG_WARN_INFINITE_RECURSION = YES;
				CLANG_WARN_INT_CONVERSION = YES;
				CLANG_WARN_NON_LITERAL_NULL_CONVERSION = YES;
				CLANG_WARN_OBJC_IMPLICIT_RETAIN_SELF = YES;
				CLANG_WARN_OBJC_LITERAL_CONVERSION = YES;
				CLANG_WARN_OBJC_ROOT_CLASS = YES_ERROR;
				CLANG_WARN_RANGE_LOOP_ANALYSIS = YES;
				CLANG_WARN_STRICT_PROTOTYPES = YES;
				CLANG_WARN_SUSPICIOUS_MOVE = YES;
				CLANG_WARN_UNGUARDED_AVAILABILITY = YES_AGGRESSIVE;
				CLANG_WARN_UNREACHABLE_CODE = YES;
				CLANG_WARN__DUPLICATE_METHOD_MATCH = YES;
				COPY_PHASE_STRIP = NO;
				DEBUG_INFORMATION_FORMAT = "dwarf-with-dsym";
				ENABLE_NS_ASSERTIONS = NO;
				ENABLE_STRICT_OBJC_MSGSEND = YES;
				GCC_C_LANGUAGE_STANDARD = gnu11;
				GCC_NO_COMMON_BLOCKS = YES;
				GCC_WARN_64_TO_32_BIT_CONVERSION = YES;
				GCC_WARN_ABOUT_RETURN_TYPE = YES_ERROR;
				GCC_WARN_UNDECLARED_SELECTOR = YES;
				GCC_WARN_UNINITIALIZED_AUTOS = YES_AGGRESSIVE;
				GCC_WARN_UNUSED_FUNCTION = YES;
				GCC_WARN_UNUSED_VARIABLE = YES;
				IPHONEOS_DEPLOYMENT_TARGET = 13.5;
				MTL_ENABLE_DEBUG_INFO = NO;
				MTL_FAST_MATH = YES;
				SDKROOT = iphoneos;
				VALIDATE_PRODUCT = YES;
			};
			name = Release;
		};
		B9D6816524BCC085005CCBB3 /* Debug */ = {
			isa = XCBuildConfiguration;
			baseConfigurationReference = 9E56DC2D3A1557528FD84A23 /* Pods-Tennis Connect.debug.xcconfig */;
			buildSettings = {
				ASSETCATALOG_COMPILER_APPICON_NAME = AppIcon;
				CODE_SIGN_STYLE = Automatic;
				DEVELOPMENT_TEAM = N2PD6963G8;
				INFOPLIST_FILE = "Tennis Connect/Info.plist";
				LD_RUNPATH_SEARCH_PATHS = (
					"$(inherited)",
					"@executable_path/Frameworks",
				);
				PRODUCT_BUNDLE_IDENTIFIER = "xuangela.Tennis-Connect";
				PRODUCT_NAME = "$(TARGET_NAME)";
				TARGETED_DEVICE_FAMILY = "1,2";
			};
			name = Debug;
		};
		B9D6816624BCC085005CCBB3 /* Release */ = {
			isa = XCBuildConfiguration;
			baseConfigurationReference = FBF24FEA7D7C0B980AEC0E7E /* Pods-Tennis Connect.release.xcconfig */;
			buildSettings = {
				ASSETCATALOG_COMPILER_APPICON_NAME = AppIcon;
				CODE_SIGN_STYLE = Automatic;
				DEVELOPMENT_TEAM = N2PD6963G8;
				INFOPLIST_FILE = "Tennis Connect/Info.plist";
				LD_RUNPATH_SEARCH_PATHS = (
					"$(inherited)",
					"@executable_path/Frameworks",
				);
				PRODUCT_BUNDLE_IDENTIFIER = "xuangela.Tennis-Connect";
				PRODUCT_NAME = "$(TARGET_NAME)";
				TARGETED_DEVICE_FAMILY = "1,2";
			};
			name = Release;
		};
		B9D6816824BCC085005CCBB3 /* Debug */ = {
			isa = XCBuildConfiguration;
			baseConfigurationReference = 258385AF69571FB6703D83E6 /* Pods-Tennis ConnectTests.debug.xcconfig */;
			buildSettings = {
				BUNDLE_LOADER = "$(TEST_HOST)";
				CODE_SIGN_STYLE = Automatic;
				DEVELOPMENT_TEAM = N2PD6963G8;
				INFOPLIST_FILE = "Tennis ConnectTests/Info.plist";
				IPHONEOS_DEPLOYMENT_TARGET = 13.5;
				LD_RUNPATH_SEARCH_PATHS = (
					"$(inherited)",
					"@executable_path/Frameworks",
					"@loader_path/Frameworks",
				);
				PRODUCT_BUNDLE_IDENTIFIER = "xuangela.Tennis-ConnectTests";
				PRODUCT_NAME = "$(TARGET_NAME)";
				TARGETED_DEVICE_FAMILY = "1,2";
				TEST_HOST = "$(BUILT_PRODUCTS_DIR)/Tennis Connect.app/Tennis Connect";
			};
			name = Debug;
		};
		B9D6816924BCC085005CCBB3 /* Release */ = {
			isa = XCBuildConfiguration;
			baseConfigurationReference = 25A0C0981AC4EACE5C6137D9 /* Pods-Tennis ConnectTests.release.xcconfig */;
			buildSettings = {
				BUNDLE_LOADER = "$(TEST_HOST)";
				CODE_SIGN_STYLE = Automatic;
				DEVELOPMENT_TEAM = N2PD6963G8;
				INFOPLIST_FILE = "Tennis ConnectTests/Info.plist";
				IPHONEOS_DEPLOYMENT_TARGET = 13.5;
				LD_RUNPATH_SEARCH_PATHS = (
					"$(inherited)",
					"@executable_path/Frameworks",
					"@loader_path/Frameworks",
				);
				PRODUCT_BUNDLE_IDENTIFIER = "xuangela.Tennis-ConnectTests";
				PRODUCT_NAME = "$(TARGET_NAME)";
				TARGETED_DEVICE_FAMILY = "1,2";
				TEST_HOST = "$(BUILT_PRODUCTS_DIR)/Tennis Connect.app/Tennis Connect";
			};
			name = Release;
		};
		B9D6816B24BCC085005CCBB3 /* Debug */ = {
			isa = XCBuildConfiguration;
			baseConfigurationReference = 98282AA9CED8640FC591AE9D /* Pods-Tennis Connect-Tennis ConnectUITests.debug.xcconfig */;
			buildSettings = {
				CODE_SIGN_STYLE = Automatic;
				DEVELOPMENT_TEAM = N2PD6963G8;
				INFOPLIST_FILE = "Tennis ConnectUITests/Info.plist";
				LD_RUNPATH_SEARCH_PATHS = (
					"$(inherited)",
					"@executable_path/Frameworks",
					"@loader_path/Frameworks",
				);
				PRODUCT_BUNDLE_IDENTIFIER = "xuangela.Tennis-ConnectUITests";
				PRODUCT_NAME = "$(TARGET_NAME)";
				TARGETED_DEVICE_FAMILY = "1,2";
				TEST_TARGET_NAME = "Tennis Connect";
			};
			name = Debug;
		};
		B9D6816C24BCC085005CCBB3 /* Release */ = {
			isa = XCBuildConfiguration;
			baseConfigurationReference = 5D542E7E89146B9240C250BA /* Pods-Tennis Connect-Tennis ConnectUITests.release.xcconfig */;
			buildSettings = {
				CODE_SIGN_STYLE = Automatic;
				DEVELOPMENT_TEAM = N2PD6963G8;
				INFOPLIST_FILE = "Tennis ConnectUITests/Info.plist";
				LD_RUNPATH_SEARCH_PATHS = (
					"$(inherited)",
					"@executable_path/Frameworks",
					"@loader_path/Frameworks",
				);
				PRODUCT_BUNDLE_IDENTIFIER = "xuangela.Tennis-ConnectUITests";
				PRODUCT_NAME = "$(TARGET_NAME)";
				TARGETED_DEVICE_FAMILY = "1,2";
				TEST_TARGET_NAME = "Tennis Connect";
			};
			name = Release;
		};
/* End XCBuildConfiguration section */

/* Begin XCConfigurationList section */
		B9D6813024BCC084005CCBB3 /* Build configuration list for PBXProject "Tennis Connect" */ = {
			isa = XCConfigurationList;
			buildConfigurations = (
				B9D6816224BCC085005CCBB3 /* Debug */,
				B9D6816324BCC085005CCBB3 /* Release */,
			);
			defaultConfigurationIsVisible = 0;
			defaultConfigurationName = Release;
		};
		B9D6816424BCC085005CCBB3 /* Build configuration list for PBXNativeTarget "Tennis Connect" */ = {
			isa = XCConfigurationList;
			buildConfigurations = (
				B9D6816524BCC085005CCBB3 /* Debug */,
				B9D6816624BCC085005CCBB3 /* Release */,
			);
			defaultConfigurationIsVisible = 0;
			defaultConfigurationName = Release;
		};
		B9D6816724BCC085005CCBB3 /* Build configuration list for PBXNativeTarget "Tennis ConnectTests" */ = {
			isa = XCConfigurationList;
			buildConfigurations = (
				B9D6816824BCC085005CCBB3 /* Debug */,
				B9D6816924BCC085005CCBB3 /* Release */,
			);
			defaultConfigurationIsVisible = 0;
			defaultConfigurationName = Release;
		};
		B9D6816A24BCC085005CCBB3 /* Build configuration list for PBXNativeTarget "Tennis ConnectUITests" */ = {
			isa = XCConfigurationList;
			buildConfigurations = (
				B9D6816B24BCC085005CCBB3 /* Debug */,
				B9D6816C24BCC085005CCBB3 /* Release */,
			);
			defaultConfigurationIsVisible = 0;
			defaultConfigurationName = Release;
		};
/* End XCConfigurationList section */
	};
	rootObject = B9D6812D24BCC084005CCBB3 /* Project object */;
}
